# THIS IS AN AUTOGENERATED FILE. DO NOT EDIT THIS FILE DIRECTLY
# generate-deploy.lock

version: 2.0.0
commit_hash: !<tag:yaml.org,2002:js/undefined> ''
tree:
  name: deploy
  children:
    - name: .gitignore
      size: 8
      extension: ''
      type: file
      hash: 8dd98ed4e7c19988e7e6bb157d779af60ee70761
      relative: ./.gitignore
    - name: deploy.sh
      size: 2016
      extension: .sh
      type: file
      hash: 861457f84e0cd52ed6352159c806bc075998b995
      relative: ./deploy.sh
    - name: melotic-prod
      children:
        - name: melotic-web-service.yaml
          size: 656
          extension: .yaml
          type: file
          hash: 9efdd75b3177f370f5db3f14598ddc6a3426d245
          relative: ./melotic-prod/melotic-web-service.yaml
      size: 656
      type: directory
    - name: melotic-staging
      children:
        - name: melotic-web-service.yaml
          size: 659
          extension: .yaml
          type: file
          hash: ee0f25a5f79d9d71177289d8ee789d42971b17e8
          relative: ./melotic-staging/melotic-web-service.yaml
      size: 659
      type: directory
    - name: melotic-web-deployment.yaml
      size: 544
      extension: .yaml
      type: file
      hash: 482cf52ffac72ac37838ac98fa15b7b0dbe0010b
      relative: ./melotic-web-deployment.yaml
    - name: terraform
      children:
        - name: base.tf
          size: 231
          extension: .tf
          type: file
          hash: 1a9ad591b307eeaf17026c5db628a9ffc6007060
          relative: ./terraform/base.tf
        - name: ecr.tf
          size: 74
          extension: .tf
          type: file
          hash: 384e2508e1819cdf62e769f6030aa9890030e878
          relative: ./terraform/ecr.tf
      size: 305
      type: directory
  size: 4188
  type: directory
